
Microsoft Visual Studio Solution File, Format Version 12.00
# Visual Studio 15
VisualStudioVersion = 15.0.27703.2018
MinimumVisualStudioVersion = 10.0.40219.1
Project("{9A19103F-16F7-4668-BE54-9A1E7A4F7556}") = "testSender", "ManualConnectedCiotola\testSender.csproj", "{872F592A-1055-4372-8EAA-3154B41EFE46}"
EndProject
Project("{9A19103F-16F7-4668-BE54-9A1E7A4F7556}") = "ManualConnectedCiotola", "testReceiver\ManualConnectedCiotola.csproj", "{4629EBF6-11F4-427D-B2BE-C72CF3A5BFA1}"
EndProject
Project("{9A19103F-16F7-4668-BE54-9A1E7A4F7556}") = "AutomaticConnectedCiotola", "AutomaticConnectedCiotola\AutomaticConnectedCiotola.csproj", "{BF5F6011-58B2-458D-BBB3-5966D650EC59}"
EndProject
Project("{9A19103F-16F7-4668-BE54-9A1E7A4F7556}") = "PadroncinoInTheCloud", "PadroncinoInTheCloud\PadroncinoInTheCloud.csproj", "{3C2127FA-D19C-47BA-8754-A2EBB1F36F38}"
EndProject
Project("{FAE04EC0-301F-11D3-BF4B-00C04F79EFBC}") = "WebCiotolaPro", "WebCiotolaPro\WebCiotolaPro.csproj", "{637E04E4-263E-429E-981A-65CBC8AEC298}"
EndProject
Global
	GlobalSection(SolutionConfigurationPlatforms) = preSolution
		Debug|Any CPU = Debug|Any CPU
		Release|Any CPU = Release|Any CPU
	EndGlobalSection
	GlobalSection(ProjectConfigurationPlatforms) = postSolution
		{872F592A-1055-4372-8EAA-3154B41EFE46}.Debug|Any CPU.ActiveCfg = Debug|Any CPU
		{872F592A-1055-4372-8EAA-3154B41EFE46}.Debug|Any CPU.Build.0 = Debug|Any CPU
		{872F592A-1055-4372-8EAA-3154B41EFE46}.Release|Any CPU.ActiveCfg = Release|Any CPU
		{872F592A-1055-4372-8EAA-3154B41EFE46}.Release|Any CPU.Build.0 = Release|Any CPU
		{4629EBF6-11F4-427D-B2BE-C72CF3A5BFA1}.Debug|Any CPU.ActiveCfg = Debug|Any CPU
		{4629EBF6-11F4-427D-B2BE-C72CF3A5BFA1}.Debug|Any CPU.Build.0 = Debug|Any CPU
		{4629EBF6-11F4-427D-B2BE-C72CF3A5BFA1}.Release|Any CPU.ActiveCfg = Release|Any CPU
		{4629EBF6-11F4-427D-B2BE-C72CF3A5BFA1}.Release|Any CPU.Build.0 = Release|Any CPU
		{BF5F6011-58B2-458D-BBB3-5966D650EC59}.Debug|Any CPU.ActiveCfg = Debug|Any CPU
		{BF5F6011-58B2-458D-BBB3-5966D650EC59}.Debug|Any CPU.Build.0 = Debug|Any CPU
		{BF5F6011-58B2-458D-BBB3-5966D650EC59}.Release|Any CPU.ActiveCfg = Release|Any CPU
		{BF5F6011-58B2-458D-BBB3-5966D650EC59}.Release|Any CPU.Build.0 = Release|Any CPU
		{3C2127FA-D19C-47BA-8754-A2EBB1F36F38}.Debug|Any CPU.ActiveCfg = Debug|Any CPU
		{3C2127FA-D19C-47BA-8754-A2EBB1F36F38}.Debug|Any CPU.Build.0 = Debug|Any CPU
		{3C2127FA-D19C-47BA-8754-A2EBB1F36F38}.Release|Any CPU.ActiveCfg = Release|Any CPU
		{3C2127FA-D19C-47BA-8754-A2EBB1F36F38}.Release|Any CPU.Build.0 = Release|Any CPU
		{637E04E4-263E-429E-981A-65CBC8AEC298}.Debug|Any CPU.ActiveCfg = Debug|Any CPU
		{637E04E4-263E-429E-981A-65CBC8AEC298}.Debug|Any CPU.Build.0 = Debug|Any CPU
		{637E04E4-263E-429E-981A-65CBC8AEC298}.Release|Any CPU.ActiveCfg = Release|Any CPU
		{637E04E4-263E-429E-981A-65CBC8AEC298}.Release|Any CPU.Build.0 = Release|Any CPU
	EndGlobalSection
	GlobalSection(SolutionProperties) = preSolution
		HideSolutionNode = FALSE
	EndGlobalSection
	GlobalSection(ExtensibilityGlobals) = postSolution
		SolutionGuid = {A6874560-8BA2-468E-96BA-F9CAA4D3425A}
	EndGlobalSection
EndGlobal
